
Microsoft Visual Studio Solution File, Format Version 12.00
# Visual Studio Version 17
VisualStudioVersion = 17.5.33424.131
MinimumVisualStudioVersion = 10.0.40219.1
Project("{9A19103F-16F7-4668-BE54-9A1E7A4F7556}") = "LitArchive.WebApi", "LitArchive.WebApi\LitArchive.WebApi.csproj", "{1DDF3454-FE06-494E-B0E3-56919206544E}"
EndProject
Project("{9A19103F-16F7-4668-BE54-9A1E7A4F7556}") = "LitArchive.Infrastructure", "LitArchive.Infrastructure\LitArchive.Infrastructure.csproj", "{9A251EFD-A737-4A32-92EB-ECC5E0C0B742}"
EndProject
Project("{2150E333-8FDC-42A3-9474-1A3956D46DE8}") = "Solution Items", "Solution Items", "{EA38ECAF-94F8-44FD-8964-ACDCAB00E492}"
	ProjectSection(SolutionItems) = preProject
		makefile = makefile
	EndProjectSection
EndProject
Global
	GlobalSection(SolutionConfigurationPlatforms) = preSolution
		Debug|Any CPU = Debug|Any CPU
		Release|Any CPU = Release|Any CPU
	EndGlobalSection
	GlobalSection(ProjectConfigurationPlatforms) = postSolution
		{1DDF3454-FE06-494E-B0E3-56919206544E}.Debug|Any CPU.ActiveCfg = Debug|Any CPU
		{1DDF3454-FE06-494E-B0E3-56919206544E}.Debug|Any CPU.Build.0 = Debug|Any CPU
		{1DDF3454-FE06-494E-B0E3-56919206544E}.Release|Any CPU.ActiveCfg = Release|Any CPU
		{1DDF3454-FE06-494E-B0E3-56919206544E}.Release|Any CPU.Build.0 = Release|Any CPU
		{9A251EFD-A737-4A32-92EB-ECC5E0C0B742}.Debug|Any CPU.ActiveCfg = Debug|Any CPU
		{9A251EFD-A737-4A32-92EB-ECC5E0C0B742}.Debug|Any CPU.Build.0 = Debug|Any CPU
		{9A251EFD-A737-4A32-92EB-ECC5E0C0B742}.Release|Any CPU.ActiveCfg = Release|Any CPU
		{9A251EFD-A737-4A32-92EB-ECC5E0C0B742}.Release|Any CPU.Build.0 = Release|Any CPU
	EndGlobalSection
	GlobalSection(SolutionProperties) = preSolution
		HideSolutionNode = FALSE
	EndGlobalSection
	GlobalSection(ExtensibilityGlobals) = postSolution
		SolutionGuid = {93940E69-17EB-4EAA-BDCF-CDC0E198DFFB}
	EndGlobalSection
EndGlobal
